
Microsoft Visual Studio Solution File, Format Version 12.00
# Visual Studio Version 16
VisualStudioVersion = 16.0.31205.134
MinimumVisualStudioVersion = 10.0.40219.1
Project("{9A19103F-16F7-4668-BE54-9A1E7A4F7556}") = "Kademlia", "Kademlia\Kademlia.csproj", "{18459EF3-D0CA-4A05-B36A-FD5A548F2AB7}"
EndProject
Project("{9A19103F-16F7-4668-BE54-9A1E7A4F7556}") = "BinaryStringLib", "BinaryStringLib\BinaryStringLib.csproj", "{59B03973-C3AE-447F-AAA2-6287520D82F5}"
EndProject
Project("{9A19103F-16F7-4668-BE54-9A1E7A4F7556}") = "TaskExtensionsLib", "TaskExtensionsLib\TaskExtensionsLib.csproj", "{F34D1581-0FCD-46A0-A683-35A84320AC32}"
EndProject
Project("{9A19103F-16F7-4668-BE54-9A1E7A4F7556}") = "TCPLayerTests", "TCPLayerTests\TCPLayerTests.csproj", "{3F4F4F22-2AF8-4CF6-B4B7-82573195CC81}"
EndProject
Project("{9A19103F-16F7-4668-BE54-9A1E7A4F7556}") = "TCPLayer", "TCPLayer\TCPLayer.csproj", "{B4171485-1997-4DAC-9F4D-85774F5E478D}"
EndProject
Project("{9A19103F-16F7-4668-BE54-9A1E7A4F7556}") = "BinaryStringTests", "BinaryStringTests\BinaryStringTests.csproj", "{4C4F888E-0236-4B6E-9A9E-20C9AD3C5194}"
EndProject
Project("{9A19103F-16F7-4668-BE54-9A1E7A4F7556}") = "Configuration", "Configuration\Configuration.csproj", "{88CC45E5-7854-41BA-8C80-4FB399AEBD25}"
EndProject
Project("{2150E333-8FDC-42A3-9474-1A3956D46DE8}") = "test", "test", "{53E66C8B-58DD-41D1-908A-21702C037875}"
EndProject
Project("{2150E333-8FDC-42A3-9474-1A3956D46DE8}") = "lib", "lib", "{3EEC83E4-69A7-4DC3-ADB4-755878505A70}"
EndProject
Project("{2150E333-8FDC-42A3-9474-1A3956D46DE8}") = "src", "src", "{A8B04D0F-75F7-484A-9B81-AD45D8EC6461}"
EndProject
Project("{9A19103F-16F7-4668-BE54-9A1E7A4F7556}") = "KademliaTests", "KademliaTests\KademliaTests.csproj", "{4D50E870-4AF1-46C7-9439-ED0F1C451EB3}"
EndProject
Project("{9A19103F-16F7-4668-BE54-9A1E7A4F7556}") = "Program", "Program\Program.csproj", "{934864E8-89C3-4395-8DEC-1C8E5EAF98A1}"
EndProject
Project("{9A19103F-16F7-4668-BE54-9A1E7A4F7556}") = "Router", "Router\Router.csproj", "{79E1734D-24AA-425B-AE8A-60D552A4906D}"
EndProject
Project("{9A19103F-16F7-4668-BE54-9A1E7A4F7556}") = "LinesUI", "LinesUI\LinesUI.csproj", "{6B2D0BE2-BB8B-4470-8A83-B97117558F28}"
EndProject
Project("{FAE04EC0-301F-11D3-BF4B-00C04F79EFBC}") = "Logger", "Logger\Logger.csproj", "{B94DB37E-9279-4596-BC67-16A337F01E16}"
EndProject
Global
	GlobalSection(SolutionConfigurationPlatforms) = preSolution
		Debug|Any CPU = Debug|Any CPU
		Debug|x64 = Debug|x64
		Debug|x86 = Debug|x86
		Release|Any CPU = Release|Any CPU
		Release|x64 = Release|x64
		Release|x86 = Release|x86
	EndGlobalSection
	GlobalSection(ProjectConfigurationPlatforms) = postSolution
		{18459EF3-D0CA-4A05-B36A-FD5A548F2AB7}.Debug|Any CPU.ActiveCfg = Debug|Any CPU
		{18459EF3-D0CA-4A05-B36A-FD5A548F2AB7}.Debug|Any CPU.Build.0 = Debug|Any CPU
		{18459EF3-D0CA-4A05-B36A-FD5A548F2AB7}.Debug|x64.ActiveCfg = Debug|Any CPU
		{18459EF3-D0CA-4A05-B36A-FD5A548F2AB7}.Debug|x64.Build.0 = Debug|Any CPU
		{18459EF3-D0CA-4A05-B36A-FD5A548F2AB7}.Debug|x86.ActiveCfg = Debug|Any CPU
		{18459EF3-D0CA-4A05-B36A-FD5A548F2AB7}.Debug|x86.Build.0 = Debug|Any CPU
		{18459EF3-D0CA-4A05-B36A-FD5A548F2AB7}.Release|Any CPU.ActiveCfg = Release|Any CPU
		{18459EF3-D0CA-4A05-B36A-FD5A548F2AB7}.Release|Any CPU.Build.0 = Release|Any CPU
		{18459EF3-D0CA-4A05-B36A-FD5A548F2AB7}.Release|x64.ActiveCfg = Release|Any CPU
		{18459EF3-D0CA-4A05-B36A-FD5A548F2AB7}.Release|x64.Build.0 = Release|Any CPU
		{18459EF3-D0CA-4A05-B36A-FD5A548F2AB7}.Release|x86.ActiveCfg = Release|Any CPU
		{18459EF3-D0CA-4A05-B36A-FD5A548F2AB7}.Release|x86.Build.0 = Release|Any CPU
		{59B03973-C3AE-447F-AAA2-6287520D82F5}.Debug|Any CPU.ActiveCfg = Debug|Any CPU
		{59B03973-C3AE-447F-AAA2-6287520D82F5}.Debug|Any CPU.Build.0 = Debug|Any CPU
		{59B03973-C3AE-447F-AAA2-6287520D82F5}.Debug|x64.ActiveCfg = Debug|Any CPU
		{59B03973-C3AE-447F-AAA2-6287520D82F5}.Debug|x64.Build.0 = Debug|Any CPU
		{59B03973-C3AE-447F-AAA2-6287520D82F5}.Debug|x86.ActiveCfg = Debug|Any CPU
		{59B03973-C3AE-447F-AAA2-6287520D82F5}.Debug|x86.Build.0 = Debug|Any CPU
		{59B03973-C3AE-447F-AAA2-6287520D82F5}.Release|Any CPU.ActiveCfg = Release|Any CPU
		{59B03973-C3AE-447F-AAA2-6287520D82F5}.Release|Any CPU.Build.0 = Release|Any CPU
		{59B03973-C3AE-447F-AAA2-6287520D82F5}.Release|x64.ActiveCfg = Release|Any CPU
		{59B03973-C3AE-447F-AAA2-6287520D82F5}.Release|x64.Build.0 = Release|Any CPU
		{59B03973-C3AE-447F-AAA2-6287520D82F5}.Release|x86.ActiveCfg = Release|Any CPU
		{59B03973-C3AE-447F-AAA2-6287520D82F5}.Release|x86.Build.0 = Release|Any CPU
		{F34D1581-0FCD-46A0-A683-35A84320AC32}.Debug|Any CPU.ActiveCfg = Debug|Any CPU
		{F34D1581-0FCD-46A0-A683-35A84320AC32}.Debug|Any CPU.Build.0 = Debug|Any CPU
		{F34D1581-0FCD-46A0-A683-35A84320AC32}.Debug|x64.ActiveCfg = Debug|Any CPU
		{F34D1581-0FCD-46A0-A683-35A84320AC32}.Debug|x64.Build.0 = Debug|Any CPU
		{F34D1581-0FCD-46A0-A683-35A84320AC32}.Debug|x86.ActiveCfg = Debug|Any CPU
		{F34D1581-0FCD-46A0-A683-35A84320AC32}.Debug|x86.Build.0 = Debug|Any CPU
		{F34D1581-0FCD-46A0-A683-35A84320AC32}.Release|Any CPU.ActiveCfg = Release|Any CPU
		{F34D1581-0FCD-46A0-A683-35A84320AC32}.Release|Any CPU.Build.0 = Release|Any CPU
		{F34D1581-0FCD-46A0-A683-35A84320AC32}.Release|x64.ActiveCfg = Release|Any CPU
		{F34D1581-0FCD-46A0-A683-35A84320AC32}.Release|x64.Build.0 = Release|Any CPU
		{F34D1581-0FCD-46A0-A683-35A84320AC32}.Release|x86.ActiveCfg = Release|Any CPU
		{F34D1581-0FCD-46A0-A683-35A84320AC32}.Release|x86.Build.0 = Release|Any CPU
		{3F4F4F22-2AF8-4CF6-B4B7-82573195CC81}.Debug|Any CPU.ActiveCfg = Debug|Any CPU
		{3F4F4F22-2AF8-4CF6-B4B7-82573195CC81}.Debug|Any CPU.Build.0 = Debug|Any CPU
		{3F4F4F22-2AF8-4CF6-B4B7-82573195CC81}.Debug|x64.ActiveCfg = Debug|Any CPU
		{3F4F4F22-2AF8-4CF6-B4B7-82573195CC81}.Debug|x64.Build.0 = Debug|Any CPU
		{3F4F4F22-2AF8-4CF6-B4B7-82573195CC81}.Debug|x86.ActiveCfg = Debug|Any CPU
		{3F4F4F22-2AF8-4CF6-B4B7-82573195CC81}.Debug|x86.Build.0 = Debug|Any CPU
		{3F4F4F22-2AF8-4CF6-B4B7-82573195CC81}.Release|Any CPU.ActiveCfg = Release|Any CPU
		{3F4F4F22-2AF8-4CF6-B4B7-82573195CC81}.Release|Any CPU.Build.0 = Release|Any CPU
		{3F4F4F22-2AF8-4CF6-B4B7-82573195CC81}.Release|x64.ActiveCfg = Release|Any CPU
		{3F4F4F22-2AF8-4CF6-B4B7-82573195CC81}.Release|x64.Build.0 = Release|Any CPU
		{3F4F4F22-2AF8-4CF6-B4B7-82573195CC81}.Release|x86.ActiveCfg = Release|Any CPU
		{3F4F4F22-2AF8-4CF6-B4B7-82573195CC81}.Release|x86.Build.0 = Release|Any CPU
		{B4171485-1997-4DAC-9F4D-85774F5E478D}.Debug|Any CPU.ActiveCfg = Debug|Any CPU
		{B4171485-1997-4DAC-9F4D-85774F5E478D}.Debug|Any CPU.Build.0 = Debug|Any CPU
		{B4171485-1997-4DAC-9F4D-85774F5E478D}.Debug|x64.ActiveCfg = Debug|Any CPU
		{B4171485-1997-4DAC-9F4D-85774F5E478D}.Debug|x64.Build.0 = Debug|Any CPU
		{B4171485-1997-4DAC-9F4D-85774F5E478D}.Debug|x86.ActiveCfg = Debug|Any CPU
		{B4171485-1997-4DAC-9F4D-85774F5E478D}.Debug|x86.Build.0 = Debug|Any CPU
		{B4171485-1997-4DAC-9F4D-85774F5E478D}.Release|Any CPU.ActiveCfg = Release|Any CPU
		{B4171485-1997-4DAC-9F4D-85774F5E478D}.Release|Any CPU.Build.0 = Release|Any CPU
		{B4171485-1997-4DAC-9F4D-85774F5E478D}.Release|x64.ActiveCfg = Release|Any CPU
		{B4171485-1997-4DAC-9F4D-85774F5E478D}.Release|x64.Build.0 = Release|Any CPU
		{B4171485-1997-4DAC-9F4D-85774F5E478D}.Release|x86.ActiveCfg = Release|Any CPU
		{B4171485-1997-4DAC-9F4D-85774F5E478D}.Release|x86.Build.0 = Release|Any CPU
		{4C4F888E-0236-4B6E-9A9E-20C9AD3C5194}.Debug|Any CPU.ActiveCfg = Debug|Any CPU
		{4C4F888E-0236-4B6E-9A9E-20C9AD3C5194}.Debug|Any CPU.Build.0 = Debug|Any CPU
		{4C4F888E-0236-4B6E-9A9E-20C9AD3C5194}.Debug|x64.ActiveCfg = Debug|Any CPU
		{4C4F888E-0236-4B6E-9A9E-20C9AD3C5194}.Debug|x64.Build.0 = Debug|Any CPU
		{4C4F888E-0236-4B6E-9A9E-20C9AD3C5194}.Debug|x86.ActiveCfg = Debug|Any CPU
		{4C4F888E-0236-4B6E-9A9E-20C9AD3C5194}.Debug|x86.Build.0 = Debug|Any CPU
		{4C4F888E-0236-4B6E-9A9E-20C9AD3C5194}.Release|Any CPU.ActiveCfg = Release|Any CPU
		{4C4F888E-0236-4B6E-9A9E-20C9AD3C5194}.Release|Any CPU.Build.0 = Release|Any CPU
		{4C4F888E-0236-4B6E-9A9E-20C9AD3C5194}.Release|x64.ActiveCfg = Release|Any CPU
		{4C4F888E-0236-4B6E-9A9E-20C9AD3C5194}.Release|x64.Build.0 = Release|Any CPU
		{4C4F888E-0236-4B6E-9A9E-20C9AD3C5194}.Release|x86.ActiveCfg = Release|Any CPU
		{4C4F888E-0236-4B6E-9A9E-20C9AD3C5194}.Release|x86.Build.0 = Release|Any CPU
		{88CC45E5-7854-41BA-8C80-4FB399AEBD25}.Debug|Any CPU.ActiveCfg = Debug|Any CPU
		{88CC45E5-7854-41BA-8C80-4FB399AEBD25}.Debug|Any CPU.Build.0 = Debug|Any CPU
		{88CC45E5-7854-41BA-8C80-4FB399AEBD25}.Debug|x64.ActiveCfg = Debug|Any CPU
		{88CC45E5-7854-41BA-8C80-4FB399AEBD25}.Debug|x64.Build.0 = Debug|Any CPU
		{88CC45E5-7854-41BA-8C80-4FB399AEBD25}.Debug|x86.ActiveCfg = Debug|Any CPU
		{88CC45E5-7854-41BA-8C80-4FB399AEBD25}.Debug|x86.Build.0 = Debug|Any CPU
		{88CC45E5-7854-41BA-8C80-4FB399AEBD25}.Release|Any CPU.ActiveCfg = Release|Any CPU
		{88CC45E5-7854-41BA-8C80-4FB399AEBD25}.Release|Any CPU.Build.0 = Release|Any CPU
		{88CC45E5-7854-41BA-8C80-4FB399AEBD25}.Release|x64.ActiveCfg = Release|Any CPU
		{88CC45E5-7854-41BA-8C80-4FB399AEBD25}.Release|x64.Build.0 = Release|Any CPU
		{88CC45E5-7854-41BA-8C80-4FB399AEBD25}.Release|x86.ActiveCfg = Release|Any CPU
		{88CC45E5-7854-41BA-8C80-4FB399AEBD25}.Release|x86.Build.0 = Release|Any CPU
		{4D50E870-4AF1-46C7-9439-ED0F1C451EB3}.Debug|Any CPU.ActiveCfg = Debug|Any CPU
		{4D50E870-4AF1-46C7-9439-ED0F1C451EB3}.Debug|Any CPU.Build.0 = Debug|Any CPU
		{4D50E870-4AF1-46C7-9439-ED0F1C451EB3}.Debug|x64.ActiveCfg = Debug|Any CPU
		{4D50E870-4AF1-46C7-9439-ED0F1C451EB3}.Debug|x64.Build.0 = Debug|Any CPU
		{4D50E870-4AF1-46C7-9439-ED0F1C451EB3}.Debug|x86.ActiveCfg = Debug|Any CPU
		{4D50E870-4AF1-46C7-9439-ED0F1C451EB3}.Debug|x86.Build.0 = Debug|Any CPU
		{4D50E870-4AF1-46C7-9439-ED0F1C451EB3}.Release|Any CPU.ActiveCfg = Release|Any CPU
		{4D50E870-4AF1-46C7-9439-ED0F1C451EB3}.Release|Any CPU.Build.0 = Release|Any CPU
		{4D50E870-4AF1-46C7-9439-ED0F1C451EB3}.Release|x64.ActiveCfg = Release|Any CPU
		{4D50E870-4AF1-46C7-9439-ED0F1C451EB3}.Release|x64.Build.0 = Release|Any CPU
		{4D50E870-4AF1-46C7-9439-ED0F1C451EB3}.Release|x86.ActiveCfg = Release|Any CPU
		{4D50E870-4AF1-46C7-9439-ED0F1C451EB3}.Release|x86.Build.0 = Release|Any CPU
		{934864E8-89C3-4395-8DEC-1C8E5EAF98A1}.Debug|Any CPU.ActiveCfg = Debug|Any CPU
		{934864E8-89C3-4395-8DEC-1C8E5EAF98A1}.Debug|Any CPU.Build.0 = Debug|Any CPU
		{934864E8-89C3-4395-8DEC-1C8E5EAF98A1}.Debug|x64.ActiveCfg = Debug|Any CPU
		{934864E8-89C3-4395-8DEC-1C8E5EAF98A1}.Debug|x64.Build.0 = Debug|Any CPU
		{934864E8-89C3-4395-8DEC-1C8E5EAF98A1}.Debug|x86.ActiveCfg = Debug|Any CPU
		{934864E8-89C3-4395-8DEC-1C8E5EAF98A1}.Debug|x86.Build.0 = Debug|Any CPU
		{934864E8-89C3-4395-8DEC-1C8E5EAF98A1}.Release|Any CPU.ActiveCfg = Release|Any CPU
		{934864E8-89C3-4395-8DEC-1C8E5EAF98A1}.Release|Any CPU.Build.0 = Release|Any CPU
		{934864E8-89C3-4395-8DEC-1C8E5EAF98A1}.Release|x64.ActiveCfg = Release|Any CPU
		{934864E8-89C3-4395-8DEC-1C8E5EAF98A1}.Release|x64.Build.0 = Release|Any CPU
		{934864E8-89C3-4395-8DEC-1C8E5EAF98A1}.Release|x86.ActiveCfg = Release|Any CPU
		{934864E8-89C3-4395-8DEC-1C8E5EAF98A1}.Release|x86.Build.0 = Release|Any CPU
		{79E1734D-24AA-425B-AE8A-60D552A4906D}.Debug|Any CPU.ActiveCfg = Debug|Any CPU
		{79E1734D-24AA-425B-AE8A-60D552A4906D}.Debug|Any CPU.Build.0 = Debug|Any CPU
		{79E1734D-24AA-425B-AE8A-60D552A4906D}.Debug|x64.ActiveCfg = Debug|Any CPU
		{79E1734D-24AA-425B-AE8A-60D552A4906D}.Debug|x64.Build.0 = Debug|Any CPU
		{79E1734D-24AA-425B-AE8A-60D552A4906D}.Debug|x86.ActiveCfg = Debug|Any CPU
		{79E1734D-24AA-425B-AE8A-60D552A4906D}.Debug|x86.Build.0 = Debug|Any CPU
		{79E1734D-24AA-425B-AE8A-60D552A4906D}.Release|Any CPU.ActiveCfg = Release|Any CPU
		{79E1734D-24AA-425B-AE8A-60D552A4906D}.Release|Any CPU.Build.0 = Release|Any CPU
		{79E1734D-24AA-425B-AE8A-60D552A4906D}.Release|x64.ActiveCfg = Release|Any CPU
		{79E1734D-24AA-425B-AE8A-60D552A4906D}.Release|x64.Build.0 = Release|Any CPU
		{79E1734D-24AA-425B-AE8A-60D552A4906D}.Release|x86.ActiveCfg = Release|Any CPU
		{79E1734D-24AA-425B-AE8A-60D552A4906D}.Release|x86.Build.0 = Release|Any CPU
		{6B2D0BE2-BB8B-4470-8A83-B97117558F28}.Debug|Any CPU.ActiveCfg = Debug|Any CPU
		{6B2D0BE2-BB8B-4470-8A83-B97117558F28}.Debug|Any CPU.Build.0 = Debug|Any CPU
		{6B2D0BE2-BB8B-4470-8A83-B97117558F28}.Debug|x64.ActiveCfg = Debug|Any CPU
		{6B2D0BE2-BB8B-4470-8A83-B97117558F28}.Debug|x64.Build.0 = Debug|Any CPU
		{6B2D0BE2-BB8B-4470-8A83-B97117558F28}.Debug|x86.ActiveCfg = Debug|Any CPU
		{6B2D0BE2-BB8B-4470-8A83-B97117558F28}.Debug|x86.Build.0 = Debug|Any CPU
		{6B2D0BE2-BB8B-4470-8A83-B97117558F28}.Release|Any CPU.ActiveCfg = Release|Any CPU
		{6B2D0BE2-BB8B-4470-8A83-B97117558F28}.Release|Any CPU.Build.0 = Release|Any CPU
		{6B2D0BE2-BB8B-4470-8A83-B97117558F28}.Release|x64.ActiveCfg = Release|Any CPU
		{6B2D0BE2-BB8B-4470-8A83-B97117558F28}.Release|x64.Build.0 = Release|Any CPU
		{6B2D0BE2-BB8B-4470-8A83-B97117558F28}.Release|x86.ActiveCfg = Release|Any CPU
		{6B2D0BE2-BB8B-4470-8A83-B97117558F28}.Release|x86.Build.0 = Release|Any CPU
		{B94DB37E-9279-4596-BC67-16A337F01E16}.Debug|Any CPU.ActiveCfg = Debug|Any CPU
		{B94DB37E-9279-4596-BC67-16A337F01E16}.Debug|Any CPU.Build.0 = Debug|Any CPU
		{B94DB37E-9279-4596-BC67-16A337F01E16}.Debug|x64.ActiveCfg = Debug|Any CPU
		{B94DB37E-9279-4596-BC67-16A337F01E16}.Debug|x64.Build.0 = Debug|Any CPU
		{B94DB37E-9279-4596-BC67-16A337F01E16}.Debug|x86.ActiveCfg = Debug|Any CPU
		{B94DB37E-9279-4596-BC67-16A337F01E16}.Debug|x86.Build.0 = Debug|Any CPU
		{B94DB37E-9279-4596-BC67-16A337F01E16}.Release|Any CPU.ActiveCfg = Release|Any CPU
		{B94DB37E-9279-4596-BC67-16A337F01E16}.Release|Any CPU.Build.0 = Release|Any CPU
		{B94DB37E-9279-4596-BC67-16A337F01E16}.Release|x64.ActiveCfg = Release|Any CPU
		{B94DB37E-9279-4596-BC67-16A337F01E16}.Release|x64.Build.0 = Release|Any CPU
		{B94DB37E-9279-4596-BC67-16A337F01E16}.Release|x86.ActiveCfg = Release|Any CPU
		{B94DB37E-9279-4596-BC67-16A337F01E16}.Release|x86.Build.0 = Release|Any CPU
	EndGlobalSection
	GlobalSection(SolutionProperties) = preSolution
		HideSolutionNode = FALSE
	EndGlobalSection
	GlobalSection(NestedProjects) = preSolution
		{18459EF3-D0CA-4A05-B36A-FD5A548F2AB7} = {A8B04D0F-75F7-484A-9B81-AD45D8EC6461}
		{59B03973-C3AE-447F-AAA2-6287520D82F5} = {3EEC83E4-69A7-4DC3-ADB4-755878505A70}
		{F34D1581-0FCD-46A0-A683-35A84320AC32} = {3EEC83E4-69A7-4DC3-ADB4-755878505A70}
		{3F4F4F22-2AF8-4CF6-B4B7-82573195CC81} = {53E66C8B-58DD-41D1-908A-21702C037875}
		{B4171485-1997-4DAC-9F4D-85774F5E478D} = {3EEC83E4-69A7-4DC3-ADB4-755878505A70}
		{4C4F888E-0236-4B6E-9A9E-20C9AD3C5194} = {53E66C8B-58DD-41D1-908A-21702C037875}
		{88CC45E5-7854-41BA-8C80-4FB399AEBD25} = {A8B04D0F-75F7-484A-9B81-AD45D8EC6461}
		{4D50E870-4AF1-46C7-9439-ED0F1C451EB3} = {53E66C8B-58DD-41D1-908A-21702C037875}
		{934864E8-89C3-4395-8DEC-1C8E5EAF98A1} = {A8B04D0F-75F7-484A-9B81-AD45D8EC6461}
		{79E1734D-24AA-425B-AE8A-60D552A4906D} = {A8B04D0F-75F7-484A-9B81-AD45D8EC6461}
		{6B2D0BE2-BB8B-4470-8A83-B97117558F28} = {A8B04D0F-75F7-484A-9B81-AD45D8EC6461}
		{B94DB37E-9279-4596-BC67-16A337F01E16} = {A8B04D0F-75F7-484A-9B81-AD45D8EC6461}
	EndGlobalSection
	GlobalSection(ExtensibilityGlobals) = postSolution
		SolutionGuid = {D7A2D967-1243-43D4-870E-3F8F947CDAC7}
	EndGlobalSection
EndGlobal
